Microsoft Visual Studio Solution File, Format Version 12.00
# Visual Studio Version 17
VisualStudioVersion = 17.5.2.0
MinimumVisualStudioVersion = 10.0.40219.1
Project("{2150E333-8FDC-42A3-9474-1A3956D46DE8}") = "server", "server", "{DAD03CFC-D5FA-AC94-41C7-9ABAB326F09E}"
EndProject
Project("{FAE04EC0-301F-11D3-BF4B-00C04F79EFBC}") = "DogGrooming.Api", "server\DogGrooming.Api\DogGrooming.Api.csproj", "{FA2F569F-2150-BBC8-42B7-6B6C939CA5FE}"
EndProject
Global
	GlobalSection(SolutionConfigurationPlatforms) = preSolution
		Debug|Any CPU = Debug|Any CPU
		Release|Any CPU = Release|Any CPU
	EndGlobalSection
	GlobalSection(ProjectConfigurationPlatforms) = postSolution
		{FA2F569F-2150-BBC8-42B7-6B6C939CA5FE}.Debug|Any CPU.ActiveCfg = Debug|Any CPU
		{FA2F569F-2150-BBC8-42B7-6B6C939CA5FE}.Debug|Any CPU.Build.0 = Debug|Any CPU
		{FA2F569F-2150-BBC8-42B7-6B6C939CA5FE}.Release|Any CPU.ActiveCfg = Release|Any CPU
		{FA2F569F-2150-BBC8-42B7-6B6C939CA5FE}.Release|Any CPU.Build.0 = Release|Any CPU
	EndGlobalSection
	GlobalSection(SolutionProperties) = preSolution
		HideSolutionNode = FALSE
	EndGlobalSection
	GlobalSection(NestedProjects) = preSolution
		{FA2F569F-2150-BBC8-42B7-6B6C939CA5FE} = {DAD03CFC-D5FA-AC94-41C7-9ABAB326F09E}
	EndGlobalSection
	GlobalSection(ExtensibilityGlobals) = postSolution
		SolutionGuid = {412017E5-1002-4DA0-ABE8-9DE3DA882152}
	EndGlobalSection
EndGlobal
